
Microsoft Visual Studio Solution File, Format Version 12.00
# Visual Studio 2013
VisualStudioVersion = 12.0.30501.0
MinimumVisualStudioVersion = 10.0.40219.1
Project("{FAE04EC0-301F-11D3-BF4B-00C04F79EFBC}") = "RoslynSamples.Console", "RoslynSamples.Console\RoslynSamples.Console.csproj", "{A7873343-2994-4A39-B4D0-1433F81762AF}"
EndProject
Project("{FAE04EC0-301F-11D3-BF4B-00C04F79EFBC}") = "WebApplication", "WebApplication\WebApplication.csproj", "{92FF6F24-75FA-4E23-B65A-FA0D604E3A61}"
EndProject
Project("{FAE04EC0-301F-11D3-BF4B-00C04F79EFBC}") = "RoslynSamples.AddMissingBracketsToIf", "RoslynSamples.AddMissingBracketsToIf\RoslynSamples.AddMissingBracketsToIf.csproj", "{1BA936C0-9CDF-403C-AF74-9EAFCC436346}"
EndProject
Global
	GlobalSection(SolutionConfigurationPlatforms) = preSolution
		Debug|Any CPU = Debug|Any CPU
		Debug|Mixed Platforms = Debug|Mixed Platforms
		Debug|x86 = Debug|x86
		Release|Any CPU = Release|Any CPU
		Release|Mixed Platforms = Release|Mixed Platforms
		Release|x86 = Release|x86
	EndGlobalSection
	GlobalSection(ProjectConfigurationPlatforms) = postSolution
		{A7873343-2994-4A39-B4D0-1433F81762AF}.Debug|Any CPU.ActiveCfg = Debug|Any CPU
		{A7873343-2994-4A39-B4D0-1433F81762AF}.Debug|Any CPU.Build.0 = Debug|Any CPU
		{A7873343-2994-4A39-B4D0-1433F81762AF}.Debug|Mixed Platforms.ActiveCfg = Debug|Any CPU
		{A7873343-2994-4A39-B4D0-1433F81762AF}.Debug|Mixed Platforms.Build.0 = Debug|Any CPU
		{A7873343-2994-4A39-B4D0-1433F81762AF}.Debug|x86.ActiveCfg = Debug|Any CPU
		{A7873343-2994-4A39-B4D0-1433F81762AF}.Release|Any CPU.ActiveCfg = Release|Any CPU
		{A7873343-2994-4A39-B4D0-1433F81762AF}.Release|Any CPU.Build.0 = Release|Any CPU
		{A7873343-2994-4A39-B4D0-1433F81762AF}.Release|Mixed Platforms.ActiveCfg = Release|Any CPU
		{A7873343-2994-4A39-B4D0-1433F81762AF}.Release|Mixed Platforms.Build.0 = Release|Any CPU
		{A7873343-2994-4A39-B4D0-1433F81762AF}.Release|x86.ActiveCfg = Release|Any CPU
		{92FF6F24-75FA-4E23-B65A-FA0D604E3A61}.Debug|Any CPU.ActiveCfg = Debug|Any CPU
		{92FF6F24-75FA-4E23-B65A-FA0D604E3A61}.Debug|Any CPU.Build.0 = Debug|Any CPU
		{92FF6F24-75FA-4E23-B65A-FA0D604E3A61}.Debug|Mixed Platforms.ActiveCfg = Debug|Any CPU
		{92FF6F24-75FA-4E23-B65A-FA0D604E3A61}.Debug|Mixed Platforms.Build.0 = Debug|Any CPU
		{92FF6F24-75FA-4E23-B65A-FA0D604E3A61}.Debug|x86.ActiveCfg = Debug|Any CPU
		{92FF6F24-75FA-4E23-B65A-FA0D604E3A61}.Release|Any CPU.ActiveCfg = Release|Any CPU
		{92FF6F24-75FA-4E23-B65A-FA0D604E3A61}.Release|Any CPU.Build.0 = Release|Any CPU
		{92FF6F24-75FA-4E23-B65A-FA0D604E3A61}.Release|Mixed Platforms.ActiveCfg = Release|Any CPU
		{92FF6F24-75FA-4E23-B65A-FA0D604E3A61}.Release|Mixed Platforms.Build.0 = Release|Any CPU
		{92FF6F24-75FA-4E23-B65A-FA0D604E3A61}.Release|x86.ActiveCfg = Release|Any CPU
		{1BA936C0-9CDF-403C-AF74-9EAFCC436346}.Debug|Any CPU.ActiveCfg = Debug|Any CPU
		{1BA936C0-9CDF-403C-AF74-9EAFCC436346}.Debug|Any CPU.Build.0 = Debug|Any CPU
		{1BA936C0-9CDF-403C-AF74-9EAFCC436346}.Debug|Mixed Platforms.ActiveCfg = Debug|Any CPU
		{1BA936C0-9CDF-403C-AF74-9EAFCC436346}.Debug|Mixed Platforms.Build.0 = Debug|Any CPU
		{1BA936C0-9CDF-403C-AF74-9EAFCC436346}.Debug|x86.ActiveCfg = Debug|Any CPU
		{1BA936C0-9CDF-403C-AF74-9EAFCC436346}.Release|Any CPU.ActiveCfg = Release|Any CPU
		{1BA936C0-9CDF-403C-AF74-9EAFCC436346}.Release|Any CPU.Build.0 = Release|Any CPU
		{1BA936C0-9CDF-403C-AF74-9EAFCC436346}.Release|Mixed Platforms.ActiveCfg = Release|Any CPU
		{1BA936C0-9CDF-403C-AF74-9EAFCC436346}.Release|Mixed Platforms.Build.0 = Release|Any CPU
		{1BA936C0-9CDF-403C-AF74-9EAFCC436346}.Release|x86.ActiveCfg = Release|Any CPU
	EndGlobalSection
	GlobalSection(SolutionProperties) = preSolution
		HideSolutionNode = FALSE
	EndGlobalSection
EndGlobal
